
Microsoft Visual Studio Solution File, Format Version 12.00
# Visual Studio 2012
Project("{FAE04EC0-301F-11D3-BF4B-00C04F79EFBC}") = "Falquan.Web", "Falquan.Web\Falquan.Web.csproj", "{1DE65B96-3639-4E98-A15A-B3CB41889F8E}"
EndProject
Project("{FAE04EC0-301F-11D3-BF4B-00C04F79EFBC}") = "Falquan.Web.Tests", "Falquan.Web.Tests\Falquan.Web.Tests.csproj", "{E18AE478-7C04-4F06-9B77-7C87B4F1C161}"
EndProject
Global
	GlobalSection(SolutionConfigurationPlatforms) = preSolution
		Debug|Any CPU = Debug|Any CPU
		Release|Any CPU = Release|Any CPU
	EndGlobalSection
	GlobalSection(ProjectConfigurationPlatforms) = postSolution
		{1DE65B96-3639-4E98-A15A-B3CB41889F8E}.Debug|Any CPU.ActiveCfg = Debug|Any CPU
		{1DE65B96-3639-4E98-A15A-B3CB41889F8E}.Debug|Any CPU.Build.0 = Debug|Any CPU
		{1DE65B96-3639-4E98-A15A-B3CB41889F8E}.Release|Any CPU.ActiveCfg = Release|Any CPU
		{1DE65B96-3639-4E98-A15A-B3CB41889F8E}.Release|Any CPU.Build.0 = Release|Any CPU
		{E18AE478-7C04-4F06-9B77-7C87B4F1C161}.Debug|Any CPU.ActiveCfg = Debug|Any CPU
		{E18AE478-7C04-4F06-9B77-7C87B4F1C161}.Debug|Any CPU.Build.0 = Debug|Any CPU
		{E18AE478-7C04-4F06-9B77-7C87B4F1C161}.Release|Any CPU.ActiveCfg = Release|Any CPU
		{E18AE478-7C04-4F06-9B77-7C87B4F1C161}.Release|Any CPU.Build.0 = Release|Any CPU
	EndGlobalSection
	GlobalSection(SolutionProperties) = preSolution
		HideSolutionNode = FALSE
	EndGlobalSection
EndGlobal
